
Microsoft Visual Studio Solution File, Format Version 12.00
# Visual Studio Version 16
VisualStudioVersion = 16.0.31205.134
MinimumVisualStudioVersion = 10.0.40219.1
Project("{FAE04EC0-301F-11D3-BF4B-00C04F79EFBC}") = "PoiString", "PoiString.csproj", "{A045F85C-6A61-42CB-8053-D67BCC5ECBA5}"
EndProject
Project("{2150E333-8FDC-42A3-9474-1A3956D46DE8}") = "Solution Items", "Solution Items", "{C190B300-0335-481A-97E1-3E75F5889767}"
	ProjectSection(SolutionItems) = preProject
		.editorconfig = .editorconfig
	EndProjectSection
EndProject
Global
	GlobalSection(SolutionConfigurationPlatforms) = preSolution
		Debug|Any CPU = Debug|Any CPU
		Release|Any CPU = Release|Any CPU
	EndGlobalSection
	GlobalSection(ProjectConfigurationPlatforms) = postSolution
		{A045F85C-6A61-42CB-8053-D67BCC5ECBA5}.Debug|Any CPU.ActiveCfg = Debug|Any CPU
		{A045F85C-6A61-42CB-8053-D67BCC5ECBA5}.Debug|Any CPU.Build.0 = Debug|Any CPU
		{A045F85C-6A61-42CB-8053-D67BCC5ECBA5}.Release|Any CPU.ActiveCfg = Release|Any CPU
		{A045F85C-6A61-42CB-8053-D67BCC5ECBA5}.Release|Any CPU.Build.0 = Release|Any CPU
	EndGlobalSection
	GlobalSection(SolutionProperties) = preSolution
		HideSolutionNode = FALSE
	EndGlobalSection
	GlobalSection(ExtensibilityGlobals) = postSolution
		SolutionGuid = {265F31B4-AB6D-475E-96FB-3322DC21E59D}
	EndGlobalSection
EndGlobal
